lockfileVersion: '9.0'

settings:
  autoInstallPeers: true
  excludeLinksFromLockfile: false

importers:

  .:
    dependencies:
      next:
        specifier: ^13.0.0
        version: 13.5.11(react-dom@19.1.0(react@18.3.1))(react@18.3.1)
      react:
        specifier: ^18.0.0
        version: 18.3.1
    devDependencies:
      '@heroui/button':
        specifier: ^2.2.21
        version: 2.2.21(@heroui/system@2.4.17(@heroui/theme@2.4.17(tailwindcss@4.1.9))(framer-motion@12.17.0(react-dom@19.1.0(react@18.3.1))(react@18.3.1))(react-dom@19.1.0(react@18.3.1))(react@18.3.1))(@heroui/theme@2.4.17(tailwindcss@4.1.9))(framer-motion@12.17.0(react-dom@19.1.0(react@18.3.1))(react@18.3.1))(react-dom@19.1.0(react@18.3.1))(react@18.3.1)
      '@heroui/link':
        specifier: ^2.2.18
        version: 2.2.18(@heroui/system@2.4.17(@heroui/theme@2.4.17(tailwindcss@4.1.9))(framer-motion@12.17.0(react-dom@19.1.0(react@18.3.1))(react@18.3.1))(react-dom@19.1.0(react@18.3.1))(react@18.3.1))(@heroui/theme@2.4.17(tailwindcss@4.1.9))(react-dom@19.1.0(react@18.3.1))(react@18.3.1)
      '@heroui/skeleton':
        specifier: ^2.2.13
        version: 2.2.13(@heroui/system@2.4.17(@heroui/theme@2.4.17(tailwindcss@4.1.9))(framer-motion@12.17.0(react-dom@19.1.0(react@18.3.1))(react@18.3.1))(react-dom@19.1.0(react@18.3.1))(react@18.3.1))(@heroui/theme@2.4.17(tailwindcss@4.1.9))(react-dom@19.1.0(react@18.3.1))(react@18.3.1)
      '@heroui/spinner':
        specifier: ^2.2.18
        version: 2.2.18(@heroui/theme@2.4.17(tailwindcss@4.1.9))(framer-motion@12.17.0(react-dom@19.1.0(react@18.3.1))(react@18.3.1))(react-dom@19.1.0(react@18.3.1))(react@18.3.1)
      '@types/react':
        specifier: ^19.1.8
        version: 19.1.8
      ag-grid-community:
        specifier: ^33.3.2
        version: 33.3.2
      ag-grid-react:
        specifier: ^33.3.2
        version: 33.3.2(react-dom@19.1.0(react@18.3.1))(react@18.3.1)
      date-fns:
        specifier: ^4.1.0
        version: 4.1.0
      typescript:
        specifier: ^5.8.3
        version: 5.8.3

packages:

  '@formatjs/ecma402-abstract@2.3.4':
    resolution: {integrity: sha512-qrycXDeaORzIqNhBOx0btnhpD1c+/qFIHAN9znofuMJX6QBwtbrmlpWfD4oiUUD2vJUOIYFA/gYtg2KAMGG7sA==}

  '@formatjs/fast-memoize@2.2.7':
    resolution: {integrity: sha512-Yabmi9nSvyOMrlSeGGWDiH7rf3a7sIwplbvo/dlz9WCIjzIQAfy1RMf4S0X3yG724n5Ghu2GmEl5NJIV6O9sZQ==}

  '@formatjs/icu-messageformat-parser@2.11.2':
    resolution: {integrity: sha512-AfiMi5NOSo2TQImsYAg8UYddsNJ/vUEv/HaNqiFjnI3ZFfWihUtD5QtuX6kHl8+H+d3qvnE/3HZrfzgdWpsLNA==}

  '@formatjs/icu-skeleton-parser@1.8.14':
    resolution: {integrity: sha512-i4q4V4qslThK4Ig8SxyD76cp3+QJ3sAqr7f6q9VVfeGtxG9OhiAk3y9XF6Q41OymsKzsGQ6OQQoJNY4/lI8TcQ==}

  '@formatjs/intl-localematcher@0.6.1':
    resolution: {integrity: sha512-ePEgLgVCqi2BBFnTMWPfIghu6FkbZnnBVhO2sSxvLfrdFw7wCHAHiDoM2h4NRgjbaY7+B7HgOLZGkK187pZTZg==}

  '@heroui/button@2.2.21':
    resolution: {integrity: sha512-ZN7t/+NibBCTbxJOU3m+hwdZc86YE+gpl1vsCgzcgN+ALJEwr1oBNPbFIIOFApJ3zPOfc5J2hGdY00VM1fmi0A==}
    peerDependencies:
      '@heroui/system': '>=2.4.7'
      '@heroui/theme': '>=2.4.6'
      framer-motion: '>=11.5.6 || >=12.0.0-alpha.1'
      react: '>=18 || >=19.0.0-rc.0'
      react-dom: '>=18 || >=19.0.0-rc.0'

  '@heroui/dom-animation@2.1.9':
    resolution: {integrity: sha512-uqYosEn7nDFWQnpZgLkI4AaaGyOpsHv1lQs8ONsaPdPd6FVJ8vfWw3V5/ofQ+nK4Kb66fU7ujlkx1uGoPxLC1Q==}
    peerDependencies:
      framer-motion: '>=11.5.6 || >=12.0.0-alpha.1'

  '@heroui/link@2.2.18':
    resolution: {integrity: sha512-zhULBiA+cLuJl77iIURh91irU8fR/M3Iq8qvXmXk8rxsZyruQ9pT8nsDMMCAjzkCa+CCADiKFHHJc/YtMW+7Pg==}
    peerDependencies:
      '@heroui/system': '>=2.4.7'
      '@heroui/theme': '>=2.4.6'
      react: '>=18 || >=19.0.0-rc.0'
      react-dom: '>=18 || >=19.0.0-rc.0'

  '@heroui/react-rsc-utils@2.1.8':
    resolution: {integrity: sha512-qFJ0EYg2hVrsotAurd09ga8jZv1jTS6VSz919oC9u4E9xfN5/gFtdtF3HMiTUYRyN2yCP9GEZwyE8T2Y16DDiA==}
    peerDependencies:
      react: '>=18 || >=19.0.0-rc.0'

  '@heroui/react-utils@2.1.11':
    resolution: {integrity: sha512-UZnZBlmmJKBo1YmGnlih5WbzR0m/Qr8GNFiY73C8NMcIuSjr3VQOjTDwRu1lerzCEDV/EEqvyu+MYySdkBUPXQ==}
    peerDependencies:
      react: '>=18 || >=19.0.0-rc.0'

  '@heroui/ripple@2.2.16':
    resolution: {integrity: sha512-qcrv+jCRylmu/g4ZaLeDnMID+Cf83iCFoOotFu3qH6gupHObLNfdzL4TFsYDn8kjhGJLhUMYaAdBeb5KBPKsOQ==}
    peerDependencies:
      '@heroui/system': '>=2.4.7'
      '@heroui/theme': '>=2.4.6'
      framer-motion: '>=11.5.6 || >=12.0.0-alpha.1'
      react: '>=18 || >=19.0.0-rc.0'
      react-dom: '>=18 || >=19.0.0-rc.0'

  '@heroui/shared-icons@2.1.9':
    resolution: {integrity: sha512-CuKB8bKtRrZzxhU0dpaM9ecJWbs3ZfgWIQG0neYcbEQse0rS83VsKLokh+nmL8fNl69gq1ykT+HYsURnDGyrMw==}
    peerDependencies:
      react: '>=18 || >=19.0.0-rc.0'

  '@heroui/shared-utils@2.1.9':
    resolution: {integrity: sha512-mM/Ep914cYMbw3T/b6+6loYhuNfzDaph76mzw/oIS05gw1Dhp9luCziSiIhqDGgzYck2d74oWTZlahyCsxf47w==}

  '@heroui/skeleton@2.2.13':
    resolution: {integrity: sha512-bi3+jvcRNXuPWY/jKw/0dJg9TWNA5RQPCQgmEs/c5XlnoTX+SkS+TWK4R+ugDZF2svhWTIpim2u++DP2hZ3eFw==}
    peerDependencies:
      '@heroui/system': '>=2.4.7'
      '@heroui/theme': '>=2.4.6'
      react: '>=18 || >=19.0.0-rc.0'
      react-dom: '>=18 || >=19.0.0-rc.0'

  '@heroui/spinner@2.2.18':
    resolution: {integrity: sha512-Qdefl5GuhBjT1LBMkkCsRLpdP+3YsawyS6XM9tNveg1jTmxCfEZJnBrVDqQ5Ne0803GKDwmMB+VnDfP8saZDZw==}
    peerDependencies:
      '@heroui/theme': '>=2.4.6'
      react: '>=18 || >=19.0.0-rc.0'
      react-dom: '>=18 || >=19.0.0-rc.0'

  '@heroui/system-rsc@2.3.15':
    resolution: {integrity: sha512-IGMgGTv9AEtjnA3ao8b3moxTHOiyH88hEH2tKd9lA9qkrXzuN0F81L34QxQMX0Zw7FwuxBdPXRSqcAvYx7ElNA==}
    peerDependencies:
      '@heroui/theme': '>=2.4.6'
      react: '>=18 || >=19.0.0-rc.0'

  '@heroui/system@2.4.17':
    resolution: {integrity: sha512-g7M55ZBoQiwBUXiDbdznDSwa6NFsLckwPDJx0k0wy7Ie2FgcieSs3rHXsTWVQJJQymMX9MpxAZaFUaNCCQaVLQ==}
    peerDependencies:
      framer-motion: '>=11.5.6 || >=12.0.0-alpha.1'
      react: '>=18 || >=19.0.0-rc.0'
      react-dom: '>=18 || >=19.0.0-rc.0'

  '@heroui/theme@2.4.17':
    resolution: {integrity: sha512-I11ylsSsykVeQwEqMc8MyJy61zOOR68ilMCRXr7spQefSfwApuzQbFfxt5Tl/txlA3jo3j1Y97use0bm3stzCA==}
    peerDependencies:
      tailwindcss: '>=3.4.0'

  '@heroui/use-aria-button@2.2.15':
    resolution: {integrity: sha512-oKOnTJbck5DthYgM00ALALanjSaDyQN/qnJrv7zKyAkO62DdwxMHQKYqYqLt9NIxr1zX75Lb1waYd7M4QmJkmA==}
    peerDependencies:
      react: '>=18 || >=19.0.0-rc.0'

  '@heroui/use-aria-link@2.2.16':
    resolution: {integrity: sha512-fUjbWDVglC9Ulho+lbXwcijWUrUkHmSq9ReLdI/E+VRdQuDNxVOxMNQ81ILB21eqE+kY8tE2G7Mae/xfK++xog==}
    peerDependencies:
      react: '>=18 || >=19.0.0-rc.0'

  '@internationalized/date@3.8.2':
    resolution: {integrity: sha512-/wENk7CbvLbkUvX1tu0mwq49CVkkWpkXubGel6birjRPyo6uQ4nQpnq5xZu823zRCwwn82zgHrvgF1vZyvmVgA==}

  '@internationalized/message@3.1.8':
    resolution: {integrity: sha512-Rwk3j/TlYZhn3HQ6PyXUV0XP9Uv42jqZGNegt0BXlxjE6G3+LwHjbQZAGHhCnCPdaA6Tvd3ma/7QzLlLkJxAWA==}

  '@internationalized/number@3.6.3':
    resolution: {integrity: sha512-p+Zh1sb6EfrfVaS86jlHGQ9HA66fJhV9x5LiE5vCbZtXEHAuhcmUZUdZ4WrFpUBfNalr2OkAJI5AcKEQF+Lebw==}

  '@internationalized/string@3.2.7':
    resolution: {integrity: sha512-D4OHBjrinH+PFZPvfCXvG28n2LSykWcJ7GIioQL+ok0LON15SdfoUssoHzzOUmVZLbRoREsQXVzA6r8JKsbP6A==}

  '@next/env@13.5.11':
    resolution: {integrity: sha512-fbb2C7HChgM7CemdCY+y3N1n8pcTKdqtQLbC7/EQtPdLvlMUT9JX/dBYl8MMZAtYG4uVMyPFHXckb68q/NRwqg==}

  '@next/swc-darwin-arm64@13.5.9':
    resolution: {integrity: sha512-pVyd8/1y1l5atQRvOaLOvfbmRwefxLhqQOzYo/M7FQ5eaRwA1+wuCn7t39VwEgDd7Aw1+AIWwd+MURXUeXhwDw==}
    engines: {node: '>= 10'}
    cpu: [arm64]
    os: [darwin]

  '@next/swc-darwin-x64@13.5.9':
    resolution: {integrity: sha512-DwdeJqP7v8wmoyTWPbPVodTwCybBZa02xjSJ6YQFIFZFZ7dFgrieKW4Eo0GoIcOJq5+JxkQyejmI+8zwDp3pwA==}
    engines: {node: '>= 10'}
    cpu: [x64]
    os: [darwin]

  '@next/swc-linux-arm64-gnu@13.5.9':
    resolution: {integrity: sha512-wdQsKsIsGSNdFojvjW3Ozrh8Q00+GqL3wTaMjDkQxVtRbAqfFBtrLPO0IuWChVUP2UeuQcHpVeUvu0YgOP00+g==}
    engines: {node: '>= 10'}
    cpu: [arm64]
    os: [linux]

  '@next/swc-linux-arm64-musl@13.5.9':
    resolution: {integrity: sha512-6VpS+bodQqzOeCwGxoimlRoosiWlSc0C224I7SQWJZoyJuT1ChNCo+45QQH+/GtbR/s7nhaUqmiHdzZC9TXnXA==}
    engines: {node: '>= 10'}
    cpu: [arm64]
    os: [linux]

  '@next/swc-linux-x64-gnu@13.5.9':
    resolution: {integrity: sha512-XxG3yj61WDd28NA8gFASIR+2viQaYZEFQagEodhI/R49gXWnYhiflTeeEmCn7Vgnxa/OfK81h1gvhUZ66lozpw==}
    engines: {node: '>= 10'}
    cpu: [x64]
    os: [linux]

  '@next/swc-linux-x64-musl@13.5.9':
    resolution: {integrity: sha512-/dnscWqfO3+U8asd+Fc6dwL2l9AZDl7eKtPNKW8mKLh4Y4wOpjJiamhe8Dx+D+Oq0GYVjuW0WwjIxYWVozt2bA==}
    engines: {node: '>= 10'}
    cpu: [x64]
    os: [linux]

  '@next/swc-win32-arm64-msvc@13.5.9':
    resolution: {integrity: sha512-T/iPnyurOK5a4HRUcxAlss8uzoEf5h9tkd+W2dSWAfzxv8WLKlUgbfk+DH43JY3Gc2xK5URLuXrxDZ2mGfk/jw==}
    engines: {node: '>= 10'}
    cpu: [arm64]
    os: [win32]

  '@next/swc-win32-ia32-msvc@13.5.9':
    resolution: {integrity: sha512-BLiPKJomaPrTAb7ykjA0LPcuuNMLDVK177Z1xe0nAem33+9FIayU4k/OWrtSn9SAJW/U60+1hoey5z+KCHdRLQ==}
    engines: {node: '>= 10'}
    cpu: [ia32]
    os: [win32]

  '@next/swc-win32-x64-msvc@13.5.9':
    resolution: {integrity: sha512-/72/dZfjXXNY/u+n8gqZDjI6rxKMpYsgBBYNZKWOQw0BpBF7WCnPflRy3ZtvQ2+IYI3ZH2bPyj7K+6a6wNk90Q==}
    engines: {node: '>= 10'}
    cpu: [x64]
    os: [win32]

  '@react-aria/focus@3.20.4':
    resolution: {integrity: sha512-E9M/kPYvF1fBZpkRXsKqMhvBVEyTY7vmkHeXLJo6tInKQOjYyYs0VeWlnGnxBjQIAH7J7ZKAORfTFQQHyhoueQ==}
    peerDependencies:
      react: ^16.8.0 || ^17.0.0-rc.1 || ^18.0.0 || ^19.0.0-rc.1
      react-dom: ^16.8.0 || ^17.0.0-rc.1 || ^18.0.0 || ^19.0.0-rc.1

  '@react-aria/focus@3.20.5':
    resolution: {integrity: sha512-JpFtXmWQ0Oca7FcvkqgjSyo6xEP7v3oQOLUId6o0xTvm4AD5W0mU2r3lYrbhsJ+XxdUUX4AVR5473sZZ85kU4A==}
    peerDependencies:
      react: ^16.8.0 || ^17.0.0-rc.1 || ^18.0.0 || ^19.0.0-rc.1
      react-dom: ^16.8.0 || ^17.0.0-rc.1 || ^18.0.0 || ^19.0.0-rc.1

  '@react-aria/i18n@3.12.10':
    resolution: {integrity: sha512-1j00soQ2W0nTgzaaIsGFdMF/5aN60AEdCJPhmXGZiuWdWzMxObN9LQ9vdzYPTjTqyqMdSaSp9DZKs5I26Xovpw==}
    peerDependencies:
      react: ^16.8.0 || ^17.0.0-rc.1 || ^18.0.0 || ^19.0.0-rc.1
      react-dom: ^16.8.0 || ^17.0.0-rc.1 || ^18.0.0 || ^19.0.0-rc.1

  '@react-aria/interactions@3.25.2':
    resolution: {integrity: sha512-BWyZXBT4P17b9C9HfOIT2glDFMH9nUCfQF7vZ5FEeXNBudH/8OcSbzyBUG4Dg3XPtkOem5LP59ocaizkl32Tvg==}
    peerDependencies:
      react: ^16.8.0 || ^17.0.0-rc.1 || ^18.0.0 || ^19.0.0-rc.1
      react-dom: ^16.8.0 || ^17.0.0-rc.1 || ^18.0.0 || ^19.0.0-rc.1

  '@react-aria/interactions@3.25.3':
    resolution: {integrity: sha512-J1bhlrNtjPS/fe5uJQ+0c7/jiXniwa4RQlP+Emjfc/iuqpW2RhbF9ou5vROcLzWIyaW8tVMZ468J68rAs/aZ5A==}
    peerDependencies:
      react: ^16.8.0 || ^17.0.0-rc.1 || ^18.0.0 || ^19.0.0-rc.1
      react-dom: ^16.8.0 || ^17.0.0-rc.1 || ^18.0.0 || ^19.0.0-rc.1

  '@react-aria/overlays@3.27.2':
    resolution: {integrity: sha512-lWerY4caK2+AXzdPhUqAov3Di2mSfIKdaEEj+99iXeH85zzs2cbWZRvvCwwVGQ0GprypxETz1jb1Wq/55xDALw==}
    peerDependencies:
      react: ^16.8.0 || ^17.0.0-rc.1 || ^18.0.0 || ^19.0.0-rc.1
      react-dom: ^16.8.0 || ^17.0.0-rc.1 || ^18.0.0 || ^19.0.0-rc.1

  '@react-aria/ssr@3.9.9':
    resolution: {integrity: sha512-2P5thfjfPy/np18e5wD4WPt8ydNXhij1jwA8oehxZTFqlgVMGXzcWKxTb4RtJrLFsqPO7RUQTiY8QJk0M4Vy2g==}
    engines: {node: '>= 12'}
    peerDependencies:
      react: ^16.8.0 || ^17.0.0-rc.1 || ^18.0.0 || ^19.0.0-rc.1

  '@react-aria/utils@3.29.1':
    resolution: {integrity: sha512-yXMFVJ73rbQ/yYE/49n5Uidjw7kh192WNN9PNQGV0Xoc7EJUlSOxqhnpHmYTyO0EotJ8fdM1fMH8durHjUSI8g==}
    peerDependencies:
      react: ^16.8.0 || ^17.0.0-rc.1 || ^18.0.0 || ^19.0.0-rc.1
      react-dom: ^16.8.0 || ^17.0.0-rc.1 || ^18.0.0 || ^19.0.0-rc.1

  '@react-aria/visually-hidden@3.8.25':
    resolution: {integrity: sha512-9tRRFV1YMLuDId9E8PeUf0xy0KmQBoP8y/bm0PKWzXOqLOVmp/+kop9rwsjC7J6ppbBnlak7XCXTc7GoSFOCRA==}
    peerDependencies:
      react: ^16.8.0 || ^17.0.0-rc.1 || ^18.0.0 || ^19.0.0-rc.1
      react-dom: ^16.8.0 || ^17.0.0-rc.1 || ^18.0.0 || ^19.0.0-rc.1

  '@react-stately/flags@3.1.2':
    resolution: {integrity: sha512-2HjFcZx1MyQXoPqcBGALwWWmgFVUk2TuKVIQxCbRq7fPyWXIl6VHcakCLurdtYC2Iks7zizvz0Idv48MQ38DWg==}

  '@react-stately/overlays@3.6.17':
    resolution: {integrity: sha512-bkGYU4NPC/LgX9OGHLG8hpf9QDoazlb6fKfD+b5o7GtOdctBqCR287T/IBOQyvHqpySqrQ8XlyaGxJPGIcCiZw==}
    peerDependencies:
      react: ^16.8.0 || ^17.0.0-rc.1 || ^18.0.0 || ^19.0.0-rc.1

  '@react-stately/utils@3.10.7':
    resolution: {integrity: sha512-cWvjGAocvy4abO9zbr6PW6taHgF24Mwy/LbQ4TC4Aq3tKdKDntxyD+sh7AkSRfJRT2ccMVaHVv2+FfHThd3PKQ==}
    peerDependencies:
      react: ^16.8.0 || ^17.0.0-rc.1 || ^18.0.0 || ^19.0.0-rc.1

  '@react-types/button@3.12.2':
    resolution: {integrity: sha512-QLoSCX8E7NFIdkVMa65TPieve0rKeltfcIxiMtrphjfNn+83L0IHMcbhjf4r4W19c/zqGbw3E53Hx8mNukoTUw==}
    peerDependencies:
      react: ^16.8.0 || ^17.0.0-rc.1 || ^18.0.0 || ^19.0.0-rc.1

  '@react-types/calendar@3.7.2':
    resolution: {integrity: sha512-Bp6fZo52fZdUjYbtJXcaLQ0jWEOeSoyZVwNyN5G6BmPyLP5nHxMPF+R1MPFR0fdpSI4/Sk78gWzoTuU5eOVQLw==}
    peerDependencies:
      react: ^16.8.0 || ^17.0.0-rc.1 || ^18.0.0 || ^19.0.0-rc.1

  '@react-types/link@3.6.2':
    resolution: {integrity: sha512-CtCexoupcaFHJdVPRUpJ83uxK1U0bd9x9DhwRFMqqfPHufICkQkETIw2KIeZXRvMUMi2CSG/81XXy6K0K1MtNw==}
    peerDependencies:
      react: ^16.8.0 || ^17.0.0-rc.1 || ^18.0.0 || ^19.0.0-rc.1

  '@react-types/overlays@3.8.16':
    resolution: {integrity: sha512-Aj9jIFwALk9LiOV/s3rVie+vr5qWfaJp/6aGOuc2StSNDTHvj1urSAr3T0bT8wDlkrqnlS4JjEGE40ypfOkbAA==}
    peerDependencies:
      react: ^16.8.0 || ^17.0.0-rc.1 || ^18.0.0 || ^19.0.0-rc.1

  '@react-types/shared@3.30.0':
    resolution: {integrity: sha512-COIazDAx1ncDg046cTJ8SFYsX8aS3lB/08LDnbkH/SkdYrFPWDlXMrO/sUam8j1WWM+PJ+4d1mj7tODIKNiFog==}
    peerDependencies:
      react: ^16.8.0 || ^17.0.0-rc.1 || ^18.0.0 || ^19.0.0-rc.1

  '@swc/helpers@0.5.17':
    resolution: {integrity: sha512-5IKx/Y13RsYd+sauPb2x+U/xZikHjolzfuDgTAl/Tdf3Q8rslRvC19NKDLgAJQ6wsqADk10ntlv08nPFw/gO/A==}

  '@swc/helpers@0.5.2':
    resolution: {integrity: sha512-E4KcWTpoLHqwPHLxidpOqQbcrZVgi0rsmmZXUle1jXmJfuIf/UWpczUJ7MZZ5tlxytgJXyp0w4PGkkeLiuIdZw==}

  '@types/react@19.1.8':
    resolution: {integrity: sha512-AwAfQ2Wa5bCx9WP8nZL2uMZWod7J7/JSplxbTmBQ5ms6QpqNYm672H0Vu9ZVKVngQ+ii4R/byguVEUZQyeg44g==}

  ag-charts-types@11.3.2:
    resolution: {integrity: sha512-trPGqgGYiTeLgtf9nLuztDYOPOFOLbqHn1g2D99phf7QowcwdX0TPx0wfWG8Hm90LjB8IH+G2s3AZe2vrdAtMQ==}

  ag-grid-community@33.3.2:
    resolution: {integrity: sha512-9bx0e/+ykOyLvUxHqmdy0cRVANH6JAtv0yZdnBZEXYYqBAwN+G5a4NY+2I1KvoOCYzbk8SnStG7y4hCdVAAWOQ==}

  ag-grid-react@33.3.2:
    resolution: {integrity: sha512-5bv4JIJvGov23sduIUIyQTqpa/qhoQrRkQm5pFOQb7RMwusfx6xBPrkLwIIlCJiQ8g0OOinxWzZ2kQ2Zml6tLw==}
    peerDependencies:
      react: ^16.8.0 || ^17.0.0 || ^18.0.0 || ^19.0.0
      react-dom: ^16.8.0 || ^17.0.0 || ^18.0.0 || ^19.0.0

  busboy@1.6.0:
    resolution: {integrity: sha512-8SFQbg/0hQ9xy3UNTB0YEnsNBbWfhf7RtnzpL7TkBiTBRfrQ9Fxcnz7VJsleJpyp6rVLvXiuORqjlHi5q+PYuA==}
    engines: {node: '>=10.16.0'}

  caniuse-lite@1.0.30001722:
    resolution: {integrity: sha512-DCQHBBZtiK6JVkAGw7drvAMK0Q0POD/xZvEmDp6baiMMP6QXXk9HpD6mNYBZWhOPG6LvIDb82ITqtWjhDckHCA==}

  client-only@0.0.1:
    resolution: {integrity: sha512-IV3Ou0jSMzZrd3pZ48nLkT9DA7Ag1pnPzaiQhpW7c3RbcqqzvzzVu+L8gfqMp/8IM2MQtSiqaCxrrcfu8I8rMA==}

  clsx@1.2.1:
    resolution: {integrity: sha512-EcR6r5a8bj6pu3ycsa/E/cKVGuTgZJZdsyUYHOksG/UHIiKfjxzRxYJpyVBwYaQeOvghal9fcc4PidlgzugAQg==}
    engines: {node: '>=6'}

  clsx@2.1.1:
    resolution: {integrity: sha512-eYm0QWBtUrBWZWG0d386OGAw16Z995PiOVo2B7bjWSbHedGl5e0ZWaq65kOGgUSNesEIDkB9ISbTg/JK9dhCZA==}
    engines: {node: '>=6'}

  color-convert@2.0.1:
    resolution: {integrity: sha512-RRECPsj7iu/xb5oKYcsFHSppFNnsj/52OVTRKb4zP5onXwVF3zVmmToNcOfGC+CRDpfK/U584fMg38ZHCaElKQ==}
    engines: {node: '>=7.0.0'}

  color-name@1.1.4:
    resolution: {integrity: sha512-dOy+3AuW3a2wNbZHIuMZpTcgjGuLU/uBL/ubcZF9OXbDo8ff4O8yVp5Bf0efS8uEoYo5q4Fx7dY9OgQGXgAsQA==}

  color-string@1.9.1:
    resolution: {integrity: sha512-shrVawQFojnZv6xM40anx4CkoDP+fZsw/ZerEMsW/pyzsRbElpsL/DBVW7q3ExxwusdNXI3lXpuhEZkzs8p5Eg==}

  color2k@2.0.3:
    resolution: {integrity: sha512-zW190nQTIoXcGCaU08DvVNFTmQhUpnJfVuAKfWqUQkflXKpaDdpaYoM0iluLS9lgJNHyBF58KKA2FBEwkD7wog==}

  color@4.2.3:
    resolution: {integrity: sha512-1rXeuUUiGGrykh+CeBdu5Ie7OJwinCgQY0bc7GCRxy5xVHy+moaqkpL/jqQq0MtQOeYcrqEz4abc5f0KtU7W4A==}
    engines: {node: '>=12.5.0'}

  csstype@3.1.3:
    resolution: {integrity: sha512-M1uQkMl8rQK/szD0LNhtqxIPLpimGm8sOBwU7lLnCpSbTyY3yeU1Vc7l4KT5zT4s/yOxHH5O7tIuuLOCnLADRw==}

  date-fns@4.1.0:
    resolution: {integrity: sha512-Ukq0owbQXxa/U3EGtsdVBkR1w7KOQ5gIBqdH2hkvknzZPYvBxb/aa6E8L7tmjFtkwZBu3UXBbjIgPo/Ez4xaNg==}

  decimal.js@10.5.0:
    resolution: {integrity: sha512-8vDa8Qxvr/+d94hSh5P3IJwI5t8/c0KsMp+g8bNw9cY2icONa5aPfvKeieW1WlG0WQYwwhJ7mjui2xtiePQSXw==}

  deepmerge@4.3.1:
    resolution: {integrity: sha512-3sUqbMEc77XqpdNO7FRyRog+eW3ph+GYCbj+rK+uYyRMuwsVy0rMiVtPn+QJlKFvWP/1PYpapqYn0Me2knFn+A==}
    engines: {node: '>=0.10.0'}

  flat@5.0.2:
    resolution: {integrity: sha512-b6suED+5/3rTpUBdG1gupIl8MPFCAMA0QXwmljLhvCUKcUvdE4gWky9zpuGCcXHOsz4J9wPGNWq6OKpmIzz3hQ==}
    hasBin: true

  framer-motion@12.17.0:
    resolution: {integrity: sha512-2hISKgDk49yCLStwG1wf4Kdy/D6eBw9/eRNaWFIYoI9vMQ/Mqd1Fz+gzVlEtxJmtQ9y4IWnXm19/+UXD3dAYAA==}
    peerDependencies:
      '@emotion/is-prop-valid': '*'
      react: ^18.0.0 || ^19.0.0
      react-dom: ^18.0.0 || ^19.0.0
    peerDependenciesMeta:
      '@emotion/is-prop-valid':
        optional: true
      react:
        optional: true
      react-dom:
        optional: true

  glob-to-regexp@0.4.1:
    resolution: {integrity: sha512-lkX1HJXwyMcprw/5YUZc2s7DrpAiHB21/V+E1rHUrVNokkvB6bqMzT0VfV6/86ZNabt1k14YOIaT7nDvOX3Iiw==}

  graceful-fs@4.2.11:
    resolution: {integrity: sha512-RbJ5/jmFcNNCcDV5o9eTnBLJ/HszWV0P73bc+Ff4nS/rJj+YaS6IGyiOL0VoBYX+l1Wrl3k63h/KrH+nhJ0XvQ==}

  intl-messageformat@10.7.16:
    resolution: {integrity: sha512-UmdmHUmp5CIKKjSoE10la5yfU+AYJAaiYLsodbjL4lji83JNvgOQUjGaGhGrpFCb0Uh7sl7qfP1IyILa8Z40ug==}

  is-arrayish@0.3.2:
    resolution: {integrity: sha512-eVRqCvVlZbuw3GrM63ovNSNAeA1K16kaR/LRY/92w0zxQ5/1YzwblUX652i4Xs9RwAGjW9d9y6X88t8OaAJfWQ==}

  js-tokens@4.0.0:
    resolution: {integrity: sha512-RdJUflcE3cUzKiMqQgsCu06FPu9UdIJO0beYbPhHN4k6apgJtifcoCtT9bcxOpYBtpD2kCM6Sbzg4CausW/PKQ==}

  loose-envify@1.4.0:
    resolution: {integrity: sha512-lyuxPGr/Wfhrlem2CL/UcnUc1zcqKAImBDzukY7Y5F/yQiNdko6+fRLevlw1HgMySw7f611UIY408EtxRSoK3Q==}
    hasBin: true

  motion-dom@12.17.0:
    resolution: {integrity: sha512-FA6/c70R9NKs3g41XDVONzmUUrEmyaifLVGCWtAmHP0usDnX9W+RN/tmbC4EUl0w6yLGvMTOwnWCFVgA5luhRg==}

  motion-utils@12.12.1:
    resolution: {integrity: sha512-f9qiqUHm7hWSLlNW8gS9pisnsN7CRFRD58vNjptKdsqFLpkVnX00TNeD6Q0d27V9KzT7ySFyK1TZ/DShfVOv6w==}

  nanoid@3.3.11:
    resolution: {integrity: sha512-N8SpfPUnUp1bK+PMYW8qSWdl9U+wwNWI4QKxOYDy9JAro3WMX7p2OeVRF9v+347pnakNevPmiHhNmZ2HbFA76w==}
    engines: {node: ^10 || ^12 || ^13.7 || ^14 || >=15.0.1}
    hasBin: true

  next@13.5.11:
    resolution: {integrity: sha512-WUPJ6WbAX9tdC86kGTu92qkrRdgRqVrY++nwM+shmWQwmyxt4zhZfR59moXSI4N8GDYCBY3lIAqhzjDd4rTC8Q==}
    engines: {node: '>=16.14.0'}
    hasBin: true
    peerDependencies:
      '@opentelemetry/api': ^1.1.0
      react: ^18.2.0
      react-dom: ^18.2.0
      sass: ^1.3.0
    peerDependenciesMeta:
      '@opentelemetry/api':
        optional: true
      sass:
        optional: true

  object-assign@4.1.1:
    resolution: {integrity: sha512-rJgTQnkUnH1sFw8yT6VSU3zD3sWmu6sZhIseY8VX+GRu3P6F7Fu+JNDoXfklElbLJSnc3FUQHVe4cU5hj+BcUg==}
    engines: {node: '>=0.10.0'}

  picocolors@1.1.1:
    resolution: {integrity: sha512-xceH2snhtb5M9liqDsmEw56le376mTZkEX/jEb/RxNFyegNul7eNslCXP9FDj/Lcu0X8KEyMceP2ntpaHrDEVA==}

  postcss@8.4.31:
    resolution: {integrity: sha512-PS08Iboia9mts/2ygV3eLpY5ghnUcfLV/EXTOW1E2qYxJKGGBUtNjN76FYHnMs36RmARn41bC0AZmn+rR0OVpQ==}
    engines: {node: ^10 || ^12 || >=14}

  prop-types@15.8.1:
    resolution: {integrity: sha512-oj87CgZICdulUohogVAR7AjlC0327U4el4L6eAvOqCeudMDVU0NThNaV+b9Df4dXgSP1gXMTnPdhfe/2qDH5cg==}

  react-dom@19.1.0:
    resolution: {integrity: sha512-Xs1hdnE+DyKgeHJeJznQmYMIBG3TKIHJJT95Q58nHLSrElKlGQqDTR2HQ9fx5CN/Gk6Vh/kupBTDLU11/nDk/g==}
    peerDependencies:
      react: ^19.1.0

  react-is@16.13.1:
    resolution: {integrity: sha512-24e6ynE2H+OKt4kqsOvNd8kBpV65zoxbA4BVsEOB3ARVWQki/DHzaUoC5KuON/BiccDaCCTZBuOcfZs70kR8bQ==}

  react@18.3.1:
    resolution: {integrity: sha512-wS+hAgJShR0KhEvPJArfuPVN1+Hz1t0Y6n5jLrGQbkb4urgPE/0Rve+1kMB1v/oWgHgm4WIcV+i7F2pTVj+2iQ==}
    engines: {node: '>=0.10.0'}

  scheduler@0.26.0:
    resolution: {integrity: sha512-NlHwttCI/l5gCPR3D1nNXtWABUmBwvZpEQiD4IXSbIDq8BzLIK/7Ir5gTFSGZDUu37K5cMNp0hFtzO38sC7gWA==}

  simple-swizzle@0.2.2:
    resolution: {integrity: sha512-JA//kQgZtbuY83m+xT+tXJkmJncGMTFT+C+g2h2R9uxkYIrE2yy9sgmcLhCnw57/WSD+Eh3J97FPEDFnbXnDUg==}

  source-map-js@1.2.1:
    resolution: {integrity: sha512-UXWMKhLOwVKb728IUtQPXxfYU+usdybtUrK/8uGE8CQMvrhOpwvzDBwj0QhSL7MQc7vIsISBG8VQ8+IDQxpfQA==}
    engines: {node: '>=0.10.0'}

  streamsearch@1.1.0:
    resolution: {integrity: sha512-Mcc5wHehp9aXz1ax6bZUyY5afg9u2rv5cqQI3mRrYkGC8rW2hM02jWuwjtL++LS5qinSyhj2QfLyNsuc+VsExg==}
    engines: {node: '>=10.0.0'}

  styled-jsx@5.1.1:
    resolution: {integrity: sha512-pW7uC1l4mBZ8ugbiZrcIsiIvVx1UmTfw7UkC3Um2tmfUq9Bhk8IiyEIPl6F8agHgjzku6j0xQEZbfA5uSgSaCw==}
    engines: {node: '>= 12.0.0'}
    peerDependencies:
      '@babel/core': '*'
      babel-plugin-macros: '*'
      react: '>= 16.8.0 || 17.x.x || ^18.0.0-0'
    peerDependenciesMeta:
      '@babel/core':
        optional: true
      babel-plugin-macros:
        optional: true

  tailwind-merge@2.5.4:
    resolution: {integrity: sha512-0q8cfZHMu9nuYP/b5Shb7Y7Sh1B7Nnl5GqNr1U+n2p6+mybvRtayrQ+0042Z5byvTA8ihjlP8Odo8/VnHbZu4Q==}

  tailwind-variants@0.3.0:
    resolution: {integrity: sha512-ho2k5kn+LB1fT5XdNS3Clb96zieWxbStE9wNLK7D0AV64kdZMaYzAKo0fWl6fXLPY99ffF9oBJnIj5escEl/8A==}
    engines: {node: '>=16.x', pnpm: '>=7.x'}
    peerDependencies:
      tailwindcss: '*'

  tailwindcss@4.1.9:
    resolution: {integrity: sha512-anBZRcvfNMsQdHB9XSGzAtIQWlhs49uK75jfkwrqjRUbjt4d7q9RE1wR1xWyfYZhLFnFX4ahWp88Au2lcEw5IQ==}

  tslib@2.8.1:
    resolution: {integrity: sha512-oJFu94HQb+KVduSUQL7wnpmqnfmLsOA/nAh6b6EH0wCEoK0/mPeXU6c3wKDV83MkOuHPRHtSXKKU99IBazS/2w==}

  typescript@5.8.3:
    resolution: {integrity: sha512-p1diW6TqL9L07nNxvRMM7hMMw4c5XOo/1ibL4aAIGmSAt9slTE1Xgw5KWuof2uTOvCg9BY7ZRi+GaF+7sfgPeQ==}
    engines: {node: '>=14.17'}
    hasBin: true

  watchpack@2.4.0:
    resolution: {integrity: sha512-Lcvm7MGST/4fup+ifyKi2hjyIAwcdI4HRgtvTpIUxBRhB+RFtUh8XtDOxUfctVCnhVi+QQj49i91OyvzkJl6cg==}
    engines: {node: '>=10.13.0'}

snapshots:

  '@formatjs/ecma402-abstract@2.3.4':
    dependencies:
      '@formatjs/fast-memoize': 2.2.7
      '@formatjs/intl-localematcher': 0.6.1
      decimal.js: 10.5.0
      tslib: 2.8.1

  '@formatjs/fast-memoize@2.2.7':
    dependencies:
      tslib: 2.8.1

  '@formatjs/icu-messageformat-parser@2.11.2':
    dependencies:
      '@formatjs/ecma402-abstract': 2.3.4
      '@formatjs/icu-skeleton-parser': 1.8.14
      tslib: 2.8.1

  '@formatjs/icu-skeleton-parser@1.8.14':
    dependencies:
      '@formatjs/ecma402-abstract': 2.3.4
      tslib: 2.8.1

  '@formatjs/intl-localematcher@0.6.1':
    dependencies:
      tslib: 2.8.1

  '@heroui/button@2.2.21(@heroui/system@2.4.17(@heroui/theme@2.4.17(tailwindcss@4.1.9))(framer-motion@12.17.0(react-dom@19.1.0(react@18.3.1))(react@18.3.1))(react-dom@19.1.0(react@18.3.1))(react@18.3.1))(@heroui/theme@2.4.17(tailwindcss@4.1.9))(framer-motion@12.17.0(react-dom@19.1.0(react@18.3.1))(react@18.3.1))(react-dom@19.1.0(react@18.3.1))(react@18.3.1)':
    dependencies:
      '@heroui/react-utils': 2.1.11(react@18.3.1)
      '@heroui/ripple': 2.2.16(@heroui/system@2.4.17(@heroui/theme@2.4.17(tailwindcss@4.1.9))(framer-motion@12.17.0(react-dom@19.1.0(react@18.3.1))(react@18.3.1))(react-dom@19.1.0(react@18.3.1))(react@18.3.1))(@heroui/theme@2.4.17(tailwindcss@4.1.9))(framer-motion@12.17.0(react-dom@19.1.0(react@18.3.1))(react@18.3.1))(react-dom@19.1.0(react@18.3.1))(react@18.3.1)
      '@heroui/shared-utils': 2.1.9
      '@heroui/spinner': 2.2.18(@heroui/theme@2.4.17(tailwindcss@4.1.9))(framer-motion@12.17.0(react-dom@19.1.0(react@18.3.1))(react@18.3.1))(react-dom@19.1.0(react@18.3.1))(react@18.3.1)
      '@heroui/system': 2.4.17(@heroui/theme@2.4.17(tailwindcss@4.1.9))(framer-motion@12.17.0(react-dom@19.1.0(react@18.3.1))(react@18.3.1))(react-dom@19.1.0(react@18.3.1))(react@18.3.1)
      '@heroui/theme': 2.4.17(tailwindcss@4.1.9)
      '@heroui/use-aria-button': 2.2.15(react-dom@19.1.0(react@18.3.1))(react@18.3.1)
      '@react-aria/focus': 3.20.4(react-dom@19.1.0(react@18.3.1))(react@18.3.1)
      '@react-aria/interactions': 3.25.2(react-dom@19.1.0(react@18.3.1))(react@18.3.1)
      '@react-aria/utils': 3.29.1(react-dom@19.1.0(react@18.3.1))(react@18.3.1)
      '@react-types/shared': 3.30.0(react@18.3.1)
      framer-motion: 12.17.0(react-dom@19.1.0(react@18.3.1))(react@18.3.1)
      react: 18.3.1
      react-dom: 19.1.0(react@18.3.1)

  '@heroui/dom-animation@2.1.9(framer-motion@12.17.0(react-dom@19.1.0(react@18.3.1))(react@18.3.1))':
    dependencies:
      framer-motion: 12.17.0(react-dom@19.1.0(react@18.3.1))(react@18.3.1)

  '@heroui/link@2.2.18(@heroui/system@2.4.17(@heroui/theme@2.4.17(tailwindcss@4.1.9))(framer-motion@12.17.0(react-dom@19.1.0(react@18.3.1))(react@18.3.1))(react-dom@19.1.0(react@18.3.1))(react@18.3.1))(@heroui/theme@2.4.17(tailwindcss@4.1.9))(react-dom@19.1.0(react@18.3.1))(react@18.3.1)':
    dependencies:
      '@heroui/react-utils': 2.1.11(react@18.3.1)
      '@heroui/shared-icons': 2.1.9(react@18.3.1)
      '@heroui/shared-utils': 2.1.9
      '@heroui/system': 2.4.17(@heroui/theme@2.4.17(tailwindcss@4.1.9))(framer-motion@12.17.0(react-dom@19.1.0(react@18.3.1))(react@18.3.1))(react-dom@19.1.0(react@18.3.1))(react@18.3.1)
      '@heroui/theme': 2.4.17(tailwindcss@4.1.9)
      '@heroui/use-aria-link': 2.2.16(react-dom@19.1.0(react@18.3.1))(react@18.3.1)
      '@react-aria/focus': 3.20.4(react-dom@19.1.0(react@18.3.1))(react@18.3.1)
      '@react-aria/utils': 3.29.1(react-dom@19.1.0(react@18.3.1))(react@18.3.1)
      '@react-types/link': 3.6.2(react@18.3.1)
      react: 18.3.1
      react-dom: 19.1.0(react@18.3.1)

  '@heroui/react-rsc-utils@2.1.8(react@18.3.1)':
    dependencies:
      react: 18.3.1

  '@heroui/react-utils@2.1.11(react@18.3.1)':
    dependencies:
      '@heroui/react-rsc-utils': 2.1.8(react@18.3.1)
      '@heroui/shared-utils': 2.1.9
      react: 18.3.1

  '@heroui/ripple@2.2.16(@heroui/system@2.4.17(@heroui/theme@2.4.17(tailwindcss@4.1.9))(framer-motion@12.17.0(react-dom@19.1.0(react@18.3.1))(react@18.3.1))(react-dom@19.1.0(react@18.3.1))(react@18.3.1))(@heroui/theme@2.4.17(tailwindcss@4.1.9))(framer-motion@12.17.0(react-dom@19.1.0(react@18.3.1))(react@18.3.1))(react-dom@19.1.0(react@18.3.1))(react@18.3.1)':
    dependencies:
      '@heroui/dom-animation': 2.1.9(framer-motion@12.17.0(react-dom@19.1.0(react@18.3.1))(react@18.3.1))
      '@heroui/shared-utils': 2.1.9
      '@heroui/system': 2.4.17(@heroui/theme@2.4.17(tailwindcss@4.1.9))(framer-motion@12.17.0(react-dom@19.1.0(react@18.3.1))(react@18.3.1))(react-dom@19.1.0(react@18.3.1))(react@18.3.1)
      '@heroui/theme': 2.4.17(tailwindcss@4.1.9)
      framer-motion: 12.17.0(react-dom@19.1.0(react@18.3.1))(react@18.3.1)
      react: 18.3.1
      react-dom: 19.1.0(react@18.3.1)

  '@heroui/shared-icons@2.1.9(react@18.3.1)':
    dependencies:
      react: 18.3.1

  '@heroui/shared-utils@2.1.9': {}

  '@heroui/skeleton@2.2.13(@heroui/system@2.4.17(@heroui/theme@2.4.17(tailwindcss@4.1.9))(framer-motion@12.17.0(react-dom@19.1.0(react@18.3.1))(react@18.3.1))(react-dom@19.1.0(react@18.3.1))(react@18.3.1))(@heroui/theme@2.4.17(tailwindcss@4.1.9))(react-dom@19.1.0(react@18.3.1))(react@18.3.1)':
    dependencies:
      '@heroui/shared-utils': 2.1.9
      '@heroui/system': 2.4.17(@heroui/theme@2.4.17(tailwindcss@4.1.9))(framer-motion@12.17.0(react-dom@19.1.0(react@18.3.1))(react@18.3.1))(react-dom@19.1.0(react@18.3.1))(react@18.3.1)
      '@heroui/theme': 2.4.17(tailwindcss@4.1.9)
      react: 18.3.1
      react-dom: 19.1.0(react@18.3.1)

  '@heroui/spinner@2.2.18(@heroui/theme@2.4.17(tailwindcss@4.1.9))(framer-motion@12.17.0(react-dom@19.1.0(react@18.3.1))(react@18.3.1))(react-dom@19.1.0(react@18.3.1))(react@18.3.1)':
    dependencies:
      '@heroui/shared-utils': 2.1.9
      '@heroui/system': 2.4.17(@heroui/theme@2.4.17(tailwindcss@4.1.9))(framer-motion@12.17.0(react-dom@19.1.0(react@18.3.1))(react@18.3.1))(react-dom@19.1.0(react@18.3.1))(react@18.3.1)
      '@heroui/system-rsc': 2.3.15(@heroui/theme@2.4.17(tailwindcss@4.1.9))(react@18.3.1)
      '@heroui/theme': 2.4.17(tailwindcss@4.1.9)
      react: 18.3.1
      react-dom: 19.1.0(react@18.3.1)
    transitivePeerDependencies:
      - framer-motion

  '@heroui/system-rsc@2.3.15(@heroui/theme@2.4.17(tailwindcss@4.1.9))(react@18.3.1)':
    dependencies:
      '@heroui/theme': 2.4.17(tailwindcss@4.1.9)
      '@react-types/shared': 3.30.0(react@18.3.1)
      clsx: 1.2.1
      react: 18.3.1

  '@heroui/system@2.4.17(@heroui/theme@2.4.17(tailwindcss@4.1.9))(framer-motion@12.17.0(react-dom@19.1.0(react@18.3.1))(react@18.3.1))(react-dom@19.1.0(react@18.3.1))(react@18.3.1)':
    dependencies:
      '@heroui/react-utils': 2.1.11(react@18.3.1)
      '@heroui/system-rsc': 2.3.15(@heroui/theme@2.4.17(tailwindcss@4.1.9))(react@18.3.1)
      '@react-aria/i18n': 3.12.10(react-dom@19.1.0(react@18.3.1))(react@18.3.1)
      '@react-aria/overlays': 3.27.2(react-dom@19.1.0(react@18.3.1))(react@18.3.1)
      '@react-aria/utils': 3.29.1(react-dom@19.1.0(react@18.3.1))(react@18.3.1)
      '@react-types/calendar': 3.7.2(react@18.3.1)
      framer-motion: 12.17.0(react-dom@19.1.0(react@18.3.1))(react@18.3.1)
      react: 18.3.1
      react-dom: 19.1.0(react@18.3.1)
    transitivePeerDependencies:
      - '@heroui/theme'

  '@heroui/theme@2.4.17(tailwindcss@4.1.9)':
    dependencies:
      '@heroui/shared-utils': 2.1.9
      clsx: 1.2.1
      color: 4.2.3
      color2k: 2.0.3
      deepmerge: 4.3.1
      flat: 5.0.2
      tailwind-merge: 2.5.4
      tailwind-variants: 0.3.0(tailwindcss@4.1.9)
      tailwindcss: 4.1.9

  '@heroui/use-aria-button@2.2.15(react-dom@19.1.0(react@18.3.1))(react@18.3.1)':
    dependencies:
      '@react-aria/focus': 3.20.4(react-dom@19.1.0(react@18.3.1))(react@18.3.1)
      '@react-aria/interactions': 3.25.2(react-dom@19.1.0(react@18.3.1))(react@18.3.1)
      '@react-aria/utils': 3.29.1(react-dom@19.1.0(react@18.3.1))(react@18.3.1)
      '@react-types/button': 3.12.2(react@18.3.1)
      '@react-types/shared': 3.30.0(react@18.3.1)
      react: 18.3.1
    transitivePeerDependencies:
      - react-dom

  '@heroui/use-aria-link@2.2.16(react-dom@19.1.0(react@18.3.1))(react@18.3.1)':
    dependencies:
      '@react-aria/focus': 3.20.4(react-dom@19.1.0(react@18.3.1))(react@18.3.1)
      '@react-aria/interactions': 3.25.2(react-dom@19.1.0(react@18.3.1))(react@18.3.1)
      '@react-aria/utils': 3.29.1(react-dom@19.1.0(react@18.3.1))(react@18.3.1)
      '@react-types/link': 3.6.2(react@18.3.1)
      '@react-types/shared': 3.30.0(react@18.3.1)
      react: 18.3.1
    transitivePeerDependencies:
      - react-dom

  '@internationalized/date@3.8.2':
    dependencies:
      '@swc/helpers': 0.5.17

  '@internationalized/message@3.1.8':
    dependencies:
      '@swc/helpers': 0.5.17
      intl-messageformat: 10.7.16

  '@internationalized/number@3.6.3':
    dependencies:
      '@swc/helpers': 0.5.17

  '@internationalized/string@3.2.7':
    dependencies:
      '@swc/helpers': 0.5.17

  '@next/env@13.5.11': {}

  '@next/swc-darwin-arm64@13.5.9':
    optional: true

  '@next/swc-darwin-x64@13.5.9':
    optional: true

  '@next/swc-linux-arm64-gnu@13.5.9':
    optional: true

  '@next/swc-linux-arm64-musl@13.5.9':
    optional: true

  '@next/swc-linux-x64-gnu@13.5.9':
    optional: true

  '@next/swc-linux-x64-musl@13.5.9':
    optional: true

  '@next/swc-win32-arm64-msvc@13.5.9':
    optional: true

  '@next/swc-win32-ia32-msvc@13.5.9':
    optional: true

  '@next/swc-win32-x64-msvc@13.5.9':
    optional: true

  '@react-aria/focus@3.20.4(react-dom@19.1.0(react@18.3.1))(react@18.3.1)':
    dependencies:
      '@react-aria/interactions': 3.25.3(react-dom@19.1.0(react@18.3.1))(react@18.3.1)
      '@react-aria/utils': 3.29.1(react-dom@19.1.0(react@18.3.1))(react@18.3.1)
      '@react-types/shared': 3.30.0(react@18.3.1)
      '@swc/helpers': 0.5.17
      clsx: 2.1.1
      react: 18.3.1
      react-dom: 19.1.0(react@18.3.1)

  '@react-aria/focus@3.20.5(react-dom@19.1.0(react@18.3.1))(react@18.3.1)':
    dependencies:
      '@react-aria/interactions': 3.25.3(react-dom@19.1.0(react@18.3.1))(react@18.3.1)
      '@react-aria/utils': 3.29.1(react-dom@19.1.0(react@18.3.1))(react@18.3.1)
      '@react-types/shared': 3.30.0(react@18.3.1)
      '@swc/helpers': 0.5.17
      clsx: 2.1.1
      react: 18.3.1
      react-dom: 19.1.0(react@18.3.1)

  '@react-aria/i18n@3.12.10(react-dom@19.1.0(react@18.3.1))(react@18.3.1)':
    dependencies:
      '@internationalized/date': 3.8.2
      '@internationalized/message': 3.1.8
      '@internationalized/number': 3.6.3
      '@internationalized/string': 3.2.7
      '@react-aria/ssr': 3.9.9(react@18.3.1)
      '@react-aria/utils': 3.29.1(react-dom@19.1.0(react@18.3.1))(react@18.3.1)
      '@react-types/shared': 3.30.0(react@18.3.1)
      '@swc/helpers': 0.5.17
      react: 18.3.1
      react-dom: 19.1.0(react@18.3.1)

  '@react-aria/interactions@3.25.2(react-dom@19.1.0(react@18.3.1))(react@18.3.1)':
    dependencies:
      '@react-aria/ssr': 3.9.9(react@18.3.1)
      '@react-aria/utils': 3.29.1(react-dom@19.1.0(react@18.3.1))(react@18.3.1)
      '@react-stately/flags': 3.1.2
      '@react-types/shared': 3.30.0(react@18.3.1)
      '@swc/helpers': 0.5.17
      react: 18.3.1
      react-dom: 19.1.0(react@18.3.1)

  '@react-aria/interactions@3.25.3(react-dom@19.1.0(react@18.3.1))(react@18.3.1)':
    dependencies:
      '@react-aria/ssr': 3.9.9(react@18.3.1)
      '@react-aria/utils': 3.29.1(react-dom@19.1.0(react@18.3.1))(react@18.3.1)
      '@react-stately/flags': 3.1.2
      '@react-types/shared': 3.30.0(react@18.3.1)
      '@swc/helpers': 0.5.17
      react: 18.3.1
      react-dom: 19.1.0(react@18.3.1)

  '@react-aria/overlays@3.27.2(react-dom@19.1.0(react@18.3.1))(react@18.3.1)':
    dependencies:
      '@react-aria/focus': 3.20.5(react-dom@19.1.0(react@18.3.1))(react@18.3.1)
      '@react-aria/i18n': 3.12.10(react-dom@19.1.0(react@18.3.1))(react@18.3.1)
      '@react-aria/interactions': 3.25.3(react-dom@19.1.0(react@18.3.1))(react@18.3.1)
      '@react-aria/ssr': 3.9.9(react@18.3.1)
      '@react-aria/utils': 3.29.1(react-dom@19.1.0(react@18.3.1))(react@18.3.1)
      '@react-aria/visually-hidden': 3.8.25(react-dom@19.1.0(react@18.3.1))(react@18.3.1)
      '@react-stately/overlays': 3.6.17(react@18.3.1)
      '@react-types/button': 3.12.2(react@18.3.1)
      '@react-types/overlays': 3.8.16(react@18.3.1)
      '@react-types/shared': 3.30.0(react@18.3.1)
      '@swc/helpers': 0.5.17
      react: 18.3.1
      react-dom: 19.1.0(react@18.3.1)

  '@react-aria/ssr@3.9.9(react@18.3.1)':
    dependencies:
      '@swc/helpers': 0.5.17
      react: 18.3.1

  '@react-aria/utils@3.29.1(react-dom@19.1.0(react@18.3.1))(react@18.3.1)':
    dependencies:
      '@react-aria/ssr': 3.9.9(react@18.3.1)
      '@react-stately/flags': 3.1.2
      '@react-stately/utils': 3.10.7(react@18.3.1)
      '@react-types/shared': 3.30.0(react@18.3.1)
      '@swc/helpers': 0.5.17
      clsx: 2.1.1
      react: 18.3.1
      react-dom: 19.1.0(react@18.3.1)

  '@react-aria/visually-hidden@3.8.25(react-dom@19.1.0(react@18.3.1))(react@18.3.1)':
    dependencies:
      '@react-aria/interactions': 3.25.3(react-dom@19.1.0(react@18.3.1))(react@18.3.1)
      '@react-aria/utils': 3.29.1(react-dom@19.1.0(react@18.3.1))(react@18.3.1)
      '@react-types/shared': 3.30.0(react@18.3.1)
      '@swc/helpers': 0.5.17
      react: 18.3.1
      react-dom: 19.1.0(react@18.3.1)

  '@react-stately/flags@3.1.2':
    dependencies:
      '@swc/helpers': 0.5.17

  '@react-stately/overlays@3.6.17(react@18.3.1)':
    dependencies:
      '@react-stately/utils': 3.10.7(react@18.3.1)
      '@react-types/overlays': 3.8.16(react@18.3.1)
      '@swc/helpers': 0.5.17
      react: 18.3.1

  '@react-stately/utils@3.10.7(react@18.3.1)':
    dependencies:
      '@swc/helpers': 0.5.17
      react: 18.3.1

  '@react-types/button@3.12.2(react@18.3.1)':
    dependencies:
      '@react-types/shared': 3.30.0(react@18.3.1)
      react: 18.3.1

  '@react-types/calendar@3.7.2(react@18.3.1)':
    dependencies:
      '@internationalized/date': 3.8.2
      '@react-types/shared': 3.30.0(react@18.3.1)
      react: 18.3.1

  '@react-types/link@3.6.2(react@18.3.1)':
    dependencies:
      '@react-types/shared': 3.30.0(react@18.3.1)
      react: 18.3.1

  '@react-types/overlays@3.8.16(react@18.3.1)':
    dependencies:
      '@react-types/shared': 3.30.0(react@18.3.1)
      react: 18.3.1

  '@react-types/shared@3.30.0(react@18.3.1)':
    dependencies:
      react: 18.3.1

  '@swc/helpers@0.5.17':
    dependencies:
      tslib: 2.8.1

  '@swc/helpers@0.5.2':
    dependencies:
      tslib: 2.8.1

  '@types/react@19.1.8':
    dependencies:
      csstype: 3.1.3

  ag-charts-types@11.3.2: {}

  ag-grid-community@33.3.2:
    dependencies:
      ag-charts-types: 11.3.2

  ag-grid-react@33.3.2(react-dom@19.1.0(react@18.3.1))(react@18.3.1):
    dependencies:
      ag-grid-community: 33.3.2
      prop-types: 15.8.1
      react: 18.3.1
      react-dom: 19.1.0(react@18.3.1)

  busboy@1.6.0:
    dependencies:
      streamsearch: 1.1.0

  caniuse-lite@1.0.30001722: {}

  client-only@0.0.1: {}

  clsx@1.2.1: {}

  clsx@2.1.1: {}

  color-convert@2.0.1:
    dependencies:
      color-name: 1.1.4

  color-name@1.1.4: {}

  color-string@1.9.1:
    dependencies:
      color-name: 1.1.4
      simple-swizzle: 0.2.2

  color2k@2.0.3: {}

  color@4.2.3:
    dependencies:
      color-convert: 2.0.1
      color-string: 1.9.1

  csstype@3.1.3: {}

  date-fns@4.1.0: {}

  decimal.js@10.5.0: {}

  deepmerge@4.3.1: {}

  flat@5.0.2: {}

  framer-motion@12.17.0(react-dom@19.1.0(react@18.3.1))(react@18.3.1):
    dependencies:
      motion-dom: 12.17.0
      motion-utils: 12.12.1
      tslib: 2.8.1
    optionalDependencies:
      react: 18.3.1
      react-dom: 19.1.0(react@18.3.1)

  glob-to-regexp@0.4.1: {}

  graceful-fs@4.2.11: {}

  intl-messageformat@10.7.16:
    dependencies:
      '@formatjs/ecma402-abstract': 2.3.4
      '@formatjs/fast-memoize': 2.2.7
      '@formatjs/icu-messageformat-parser': 2.11.2
      tslib: 2.8.1

  is-arrayish@0.3.2: {}

  js-tokens@4.0.0: {}

  loose-envify@1.4.0:
    dependencies:
      js-tokens: 4.0.0

  motion-dom@12.17.0:
    dependencies:
      motion-utils: 12.12.1

  motion-utils@12.12.1: {}

  nanoid@3.3.11: {}

  next@13.5.11(react-dom@19.1.0(react@18.3.1))(react@18.3.1):
    dependencies:
      '@next/env': 13.5.11
      '@swc/helpers': 0.5.2
      busboy: 1.6.0
      caniuse-lite: 1.0.30001722
      postcss: 8.4.31
      react: 18.3.1
      react-dom: 19.1.0(react@18.3.1)
      styled-jsx: 5.1.1(react@18.3.1)
      watchpack: 2.4.0
    optionalDependencies:
      '@next/swc-darwin-arm64': 13.5.9
      '@next/swc-darwin-x64': 13.5.9
      '@next/swc-linux-arm64-gnu': 13.5.9
      '@next/swc-linux-arm64-musl': 13.5.9
      '@next/swc-linux-x64-gnu': 13.5.9
      '@next/swc-linux-x64-musl': 13.5.9
      '@next/swc-win32-arm64-msvc': 13.5.9
      '@next/swc-win32-ia32-msvc': 13.5.9
      '@next/swc-win32-x64-msvc': 13.5.9
    transitivePeerDependencies:
      - '@babel/core'
      - babel-plugin-macros

  object-assign@4.1.1: {}

  picocolors@1.1.1: {}

  postcss@8.4.31:
    dependencies:
      nanoid: 3.3.11
      picocolors: 1.1.1
      source-map-js: 1.2.1

  prop-types@15.8.1:
    dependencies:
      loose-envify: 1.4.0
      object-assign: 4.1.1
      react-is: 16.13.1

  react-dom@19.1.0(react@18.3.1):
    dependencies:
      react: 18.3.1
      scheduler: 0.26.0

  react-is@16.13.1: {}

  react@18.3.1:
    dependencies:
      loose-envify: 1.4.0

  scheduler@0.26.0: {}

  simple-swizzle@0.2.2:
    dependencies:
      is-arrayish: 0.3.2

  source-map-js@1.2.1: {}

  streamsearch@1.1.0: {}

  styled-jsx@5.1.1(react@18.3.1):
    dependencies:
      client-only: 0.0.1
      react: 18.3.1

  tailwind-merge@2.5.4: {}

  tailwind-variants@0.3.0(tailwindcss@4.1.9):
    dependencies:
      tailwind-merge: 2.5.4
      tailwindcss: 4.1.9

  tailwindcss@4.1.9: {}

  tslib@2.8.1: {}

  typescript@5.8.3: {}

  watchpack@2.4.0:
    dependencies:
      glob-to-regexp: 0.4.1
      graceful-fs: 4.2.11
